PODS:
  - Alamofire (5.5.0)
  - SwiftyJSON (5.0.1)

DEPENDENCIES:
  - Alamofire
  - SwiftyJSON

SPEC REPOS:
  trunk:
    - Alamofire
    - SwiftyJSON

SPEC CHECKSUMS:
  Alamofire: 1c4fb5369c3fe93d2857c780d8bbe09f06f97e7c
  SwiftyJSON: 2f33a42c6fbc52764d96f13368585094bfd8aa5e

PODFILE CHECKSUM: e293f0613e3526ab7d7d058509d1e95e127ba1ed

COCOAPODS: 1.11.2
