// !$*UTF8*$!
{
	archiveVersion = 1;
	classes = {
	};
	objectVersion = 55;
	objects = {

/* Begin PBXBuildFile section */
		42930D29279C44FB001F7911 /* AppDelegate.swift in Sources */ = {isa = PBXBuildFile; fileRef = 42930D28279C44FB001F7911 /* AppDelegate.swift */; };
		42930D32279C44FD001F7911 /* Assets.xcassets in Resources */ = {isa = PBXBuildFile; fileRef = 42930D31279C44FD001F7911 /* Assets.xcassets */; };
		42930D35279C44FD001F7911 /* LaunchScreen.storyboard in Resources */ = {isa = PBXBuildFile; fileRef = 42930D33279C44FD001F7911 /* LaunchScreen.storyboard */; };
		42D409D727BFF39000E27419 /* MainAnimalVC.swift in Sources */ = {isa = PBXBuildFile; fileRef = 42D409D527BFF39000E27419 /* MainAnimalVC.swift */; };
		42D409D827BFF39000E27419 /* MainAnimalVC.xib in Resources */ = {isa = PBXBuildFile; fileRef = 42D409D627BFF39000E27419 /* MainAnimalVC.xib */; };
		42D409DA27C0030F00E27419 /* DataApi.swift in Sources */ = {isa = PBXBuildFile; fileRef = 42D409D927C0030F00E27419 /* DataApi.swift */; };
		693366D273E8230C7AB9A584 /* Pods_APPtest.framework in Frameworks */ = {isa = PBXBuildFile; fileRef = 2B19FB20F861136BF18AD741 /* Pods_APPtest.framework */; };
		CE6CAE8527BF80FB00E42547 /* TableViewCellOne.xib in Resources */ = {isa = PBXBuildFile; fileRef = CE6CAE6E27BF80FB00E42547 /* TableViewCellOne.xib */; };
		CE6CAE8627BF80FB00E42547 /* TableViewCellOne.swift in Sources */ = {isa = PBXBuildFile; fileRef = CE6CAE6F27BF80FB00E42547 /* TableViewCellOne.swift */; };
		CE6CAE8727BF80FB00E42547 /* MapViewController.swift in Sources */ = {isa = PBXBuildFile; fileRef = CE6CAE7027BF80FB00E42547 /* MapViewController.swift */; };
		CE6CAE8827BF80FB00E42547 /* MainViewController.swift in Sources */ = {isa = PBXBuildFile; fileRef = CE6CAE7127BF80FB00E42547 /* MainViewController.swift */; };
		CE6CAE8927BF80FB00E42547 /* DescriptionViewController.swift in Sources */ = {isa = PBXBuildFile; fileRef = CE6CAE7227BF80FB00E42547 /* DescriptionViewController.swift */; };
		CE6CAE8A27BF80FB00E42547 /* LoginViewModel.swift in Sources */ = {isa = PBXBuildFile; fileRef = CE6CAE7527BF80FB00E42547 /* LoginViewModel.swift */; };
		CE6CAE8B27BF80FB00E42547 /* PasswordHelper.swift in Sources */ = {isa = PBXBuildFile; fileRef = CE6CAE7727BF80FB00E42547 /* PasswordHelper.swift */; };
		CE6CAE8C27BF80FB00E42547 /* LoginHelper.swift in Sources */ = {isa = PBXBuildFile; fileRef = CE6CAE7827BF80FB00E42547 /* LoginHelper.swift */; };
		CE6CAE8D27BF80FB00E42547 /* EmailHelper.swift in Sources */ = {isa = PBXBuildFile; fileRef = CE6CAE7927BF80FB00E42547 /* EmailHelper.swift */; };
		CE6CAE8E27BF80FB00E42547 /* TextData.swift in Sources */ = {isa = PBXBuildFile; fileRef = CE6CAE7B27BF80FB00E42547 /* TextData.swift */; };
		CE6CAE8F27BF80FB00E42547 /* LoginManager.swift in Sources */ = {isa = PBXBuildFile; fileRef = CE6CAE7C27BF80FB00E42547 /* LoginManager.swift */; };
		CE6CAE9027BF80FB00E42547 /* Enum.swift in Sources */ = {isa = PBXBuildFile; fileRef = CE6CAE7D27BF80FB00E42547 /* Enum.swift */; };
		CE6CAE9127BF80FB00E42547 /* AuthTableHeader.swift in Sources */ = {isa = PBXBuildFile; fileRef = CE6CAE7F27BF80FB00E42547 /* AuthTableHeader.swift */; };
		CE6CAE9227BF80FB00E42547 /* DataSourceRegistration.swift in Sources */ = {isa = PBXBuildFile; fileRef = CE6CAE8027BF80FB00E42547 /* DataSourceRegistration.swift */; };
		CE6CAE9327BF80FB00E42547 /* AuthTableFooter.swift in Sources */ = {isa = PBXBuildFile; fileRef = CE6CAE8127BF80FB00E42547 /* AuthTableFooter.swift */; };
		CE6CAE9427BF80FB00E42547 /* DataSourceSignin.swift in Sources */ = {isa = PBXBuildFile; fileRef = CE6CAE8227BF80FB00E42547 /* DataSourceSignin.swift */; };
		CE6CAE9527BF80FB00E42547 /* TableViewInputCell.swift in Sources */ = {isa = PBXBuildFile; fileRef = CE6CAE8327BF80FB00E42547 /* TableViewInputCell.swift */; };
		CE6CAE9627BF80FB00E42547 /* LoginViewController.swift in Sources */ = {isa = PBXBuildFile; fileRef = CE6CAE8427BF80FB00E42547 /* LoginViewController.swift */; };
/* End PBXBuildFile section */

/* Begin PBXContainerItemProxy section */
		422F8CF627C021140018A8DA /* PBXContainerItemProxy */ = {
			isa = PBXContainerItemProxy;
			containerPortal = 422F8CEB27C021140018A8DA /* Alamofire.xcodeproj */;
			proxyType = 2;
			remoteGlobalIDString = F8111E3319A95C8B0040E7D1;
			remoteInfo = "Alamofire iOS";
		};
		422F8CF827C021140018A8DA /* PBXContainerItemProxy */ = {
			isa = PBXContainerItemProxy;
			containerPortal = 422F8CEB27C021140018A8DA /* Alamofire.xcodeproj */;
			proxyType = 2;
			remoteGlobalIDString = F8111E3E19A95C8B0040E7D1;
			remoteInfo = "Alamofire iOS Tests";
		};
		422F8CFA27C021140018A8DA /* PBXContainerItemProxy */ = {
			isa = PBXContainerItemProxy;
			containerPortal = 422F8CEB27C021140018A8DA /* Alamofire.xcodeproj */;
			proxyType = 2;
			remoteGlobalIDString = 4DD67C0B1A5C55C900ED2280;
			remoteInfo = "Alamofire macOS";
		};
		422F8CFC27C021140018A8DA /* PBXContainerItemProxy */ = {
			isa = PBXContainerItemProxy;
			containerPortal = 422F8CEB27C021140018A8DA /* Alamofire.xcodeproj */;
			proxyType = 2;
			remoteGlobalIDString = F829C6B21A7A94F100A2CD59;
			remoteInfo = "Alamofire macOS Tests";
		};
		422F8CFE27C021140018A8DA /* PBXContainerItemProxy */ = {
			isa = PBXContainerItemProxy;
			containerPortal = 422F8CEB27C021140018A8DA /* Alamofire.xcodeproj */;
			proxyType = 2;
			remoteGlobalIDString = 4CF626EF1BA7CB3E0011A099;
			remoteInfo = "Alamofire tvOS";
		};
		422F8D0027C021140018A8DA /* PBXContainerItemProxy */ = {
			isa = PBXContainerItemProxy;
			containerPortal = 422F8CEB27C021140018A8DA /* Alamofire.xcodeproj */;
			proxyType = 2;
			remoteGlobalIDString = 4CF626F81BA7CB3E0011A099;
			remoteInfo = "Alamofire tvOS Tests";
		};
		422F8D0227C021140018A8DA /* PBXContainerItemProxy */ = {
			isa = PBXContainerItemProxy;
			containerPortal = 422F8CEB27C021140018A8DA /* Alamofire.xcodeproj */;
			proxyType = 2;
			remoteGlobalIDString = E4202FE01B667AA100C997FB;
			remoteInfo = "Alamofire watchOS";
		};
		422F8D0427C021140018A8DA /* PBXContainerItemProxy */ = {
			isa = PBXContainerItemProxy;
			containerPortal = 422F8CEB27C021140018A8DA /* Alamofire.xcodeproj */;
			proxyType = 2;
			remoteGlobalIDString = 31293065263E17D600473CEA;
			remoteInfo = "Alamofire watchOS Tests";
		};
		42930D3C279C44FD001F7911 /* PBXContainerItemProxy */ = {
			isa = PBXContainerItemProxy;
			containerPortal = 42930D1D279C44FB001F7911 /* Project object */;
			proxyType = 1;
			remoteGlobalIDString = 42930D24279C44FB001F7911;
			remoteInfo = APPtest;
		};
		42930D46279C44FD001F7911 /* PBXContainerItemProxy */ = {
			isa = PBXContainerItemProxy;
			containerPortal = 42930D1D279C44FB001F7911 /* Project object */;
			proxyType = 1;
			remoteGlobalIDString = 42930D24279C44FB001F7911;
			remoteInfo = APPtest;
		};
/* End PBXContainerItemProxy section */

/* Begin PBXFileReference section */
		2192C3FD06F55495D4BE20AF /* Pods-APPtest.debug.xcconfig */ = {isa = PBXFileReference; includeInIndex = 1; lastKnownFileType = text.xcconfig; name = "Pods-APPtest.debug.xcconfig"; path = "Target Support Files/Pods-APPtest/Pods-APPtest.debug.xcconfig"; sourceTree = "<group>"; };
		2B19FB20F861136BF18AD741 /* Pods_APPtest.framework */ = {isa = PBXFileReference; explicitFileType = wrapper.framework; includeInIndex = 0; path = Pods_APPtest.framework; sourceTree = BUILT_PRODUCTS_DIR; };
		422F8CEB27C021140018A8DA /* Alamofire.xcodeproj */ = {isa = PBXFileReference; lastKnownFileType = "wrapper.pb-project"; name = Alamofire.xcodeproj; path = "Alamofire-master/Alamofire.xcodeproj"; sourceTree = "<group>"; };
		42930D25279C44FB001F7911 /* APPtest.app */ = {isa = PBXFileReference; explicitFileType = wrapper.application; includeInIndex = 0; path = APPtest.app; sourceTree = BUILT_PRODUCTS_DIR; };
		42930D28279C44FB001F7911 /* AppDelegate.swift */ = {isa = PBXFileReference; lastKnownFileType = sourcecode.swift; path = AppDelegate.swift; sourceTree = "<group>"; };
		42930D31279C44FD001F7911 /* Assets.xcassets */ = {isa = PBXFileReference; lastKnownFileType = folder.assetcatalog; path = Assets.xcassets; sourceTree = "<group>"; };
		42930D34279C44FD001F7911 /* Base */ = {isa = PBXFileReference; lastKnownFileType = file.storyboard; name = Base; path = Base.lproj/LaunchScreen.storyboard; sourceTree = "<group>"; };
		42930D36279C44FD001F7911 /* Info.plist */ = {isa = PBXFileReference; lastKnownFileType = text.plist.xml; path = Info.plist; sourceTree = "<group>"; };
		42930D3B279C44FD001F7911 /* APPtestTests.xctest */ = {isa = PBXFileReference; explicitFileType = wrapper.cfbundle; includeInIndex = 0; path = APPtestTests.xctest; sourceTree = BUILT_PRODUCTS_DIR; };
		42930D45279C44FD001F7911 /* APPtestUITests.xctest */ = {isa = PBXFileReference; explicitFileType = wrapper.cfbundle; includeInIndex = 0; path = APPtestUITests.xctest; sourceTree = BUILT_PRODUCTS_DIR; };
		42D409D527BFF39000E27419 /* MainAnimalVC.swift */ = {isa = PBXFileReference; lastKnownFileType = sourcecode.swift; path = MainAnimalVC.swift; sourceTree = "<group>"; };
		42D409D627BFF39000E27419 /* MainAnimalVC.xib */ = {isa = PBXFileReference; lastKnownFileType = file.xib; path = MainAnimalVC.xib; sourceTree = "<group>"; };
		42D409D927C0030F00E27419 /* DataApi.swift */ = {isa = PBXFileReference; lastKnownFileType = sourcecode.swift; path = DataApi.swift; sourceTree = "<group>"; };
		87C2A98903200F1504E3FE7A /* Pods-APPtest.release.xcconfig */ = {isa = PBXFileReference; includeInIndex = 1; lastKnownFileType = text.xcconfig; name = "Pods-APPtest.release.xcconfig"; path = "Target Support Files/Pods-APPtest/Pods-APPtest.release.xcconfig"; sourceTree = "<group>"; };
		CE6CAE6E27BF80FB00E42547 /* TableViewCellOne.xib */ = {isa = PBXFileReference; fileEncoding = 4; lastKnownFileType = file.xib; path = TableViewCellOne.xib; sourceTree = "<group>"; };
		CE6CAE6F27BF80FB00E42547 /* TableViewCellOne.swift */ = {isa = PBXFileReference; fileEncoding = 4; lastKnownFileType = sourcecode.swift; path = TableViewCellOne.swift; sourceTree = "<group>"; };
		CE6CAE7027BF80FB00E42547 /* MapViewController.swift */ = {isa = PBXFileReference; fileEncoding = 4; lastKnownFileType = sourcecode.swift; path = MapViewController.swift; sourceTree = "<group>"; };
		CE6CAE7127BF80FB00E42547 /* MainViewController.swift */ = {isa = PBXFileReference; fileEncoding = 4; lastKnownFileType = sourcecode.swift; path = MainViewController.swift; sourceTree = "<group>"; };
		CE6CAE7227BF80FB00E42547 /* DescriptionViewController.swift */ = {isa = PBXFileReference; fileEncoding = 4; lastKnownFileType = sourcecode.swift; path = DescriptionViewController.swift; sourceTree = "<group>"; };
		CE6CAE7527BF80FB00E42547 /* LoginViewModel.swift */ = {isa = PBXFileReference; fileEncoding = 4; lastKnownFileType = sourcecode.swift; path = LoginViewModel.swift; sourceTree = "<group>"; };
		CE6CAE7727BF80FB00E42547 /* PasswordHelper.swift */ = {isa = PBXFileReference; fileEncoding = 4; lastKnownFileType = sourcecode.swift; path = PasswordHelper.swift; sourceTree = "<group>"; };
		CE6CAE7827BF80FB00E42547 /* LoginHelper.swift */ = {isa = PBXFileReference; fileEncoding = 4; lastKnownFileType = sourcecode.swift; path = LoginHelper.swift; sourceTree = "<group>"; };
		CE6CAE7927BF80FB00E42547 /* EmailHelper.swift */ = {isa = PBXFileReference; fileEncoding = 4; lastKnownFileType = sourcecode.swift; path = EmailHelper.swift; sourceTree = "<group>"; };
		CE6CAE7B27BF80FB00E42547 /* TextData.swift */ = {isa = PBXFileReference; fileEncoding = 4; lastKnownFileType = sourcecode.swift; path = TextData.swift; sourceTree = "<group>"; };
		CE6CAE7C27BF80FB00E42547 /* LoginManager.swift */ = {isa = PBXFileReference; fileEncoding = 4; lastKnownFileType = sourcecode.swift; path = LoginManager.swift; sourceTree = "<group>"; };
		CE6CAE7D27BF80FB00E42547 /* Enum.swift */ = {isa = PBXFileReference; fileEncoding = 4; lastKnownFileType = sourcecode.swift; path = Enum.swift; sourceTree = "<group>"; };
		CE6CAE7F27BF80FB00E42547 /* AuthTableHeader.swift */ = {isa = PBXFileReference; fileEncoding = 4; lastKnownFileType = sourcecode.swift; path = AuthTableHeader.swift; sourceTree = "<group>"; };
		CE6CAE8027BF80FB00E42547 /* DataSourceRegistration.swift */ = {isa = PBXFileReference; fileEncoding = 4; lastKnownFileType = sourcecode.swift; path = DataSourceRegistration.swift; sourceTree = "<group>"; };
		CE6CAE8127BF80FB00E42547 /* AuthTableFooter.swift */ = {isa = PBXFileReference; fileEncoding = 4; lastKnownFileType = sourcecode.swift; path = AuthTableFooter.swift; sourceTree = "<group>"; };
		CE6CAE8227BF80FB00E42547 /* DataSourceSignin.swift */ = {isa = PBXFileReference; fileEncoding = 4; lastKnownFileType = sourcecode.swift; path = DataSourceSignin.swift; sourceTree = "<group>"; };
		CE6CAE8327BF80FB00E42547 /* TableViewInputCell.swift */ = {isa = PBXFileReference; fileEncoding = 4; lastKnownFileType = sourcecode.swift; path = TableViewInputCell.swift; sourceTree = "<group>"; };
		CE6CAE8427BF80FB00E42547 /* LoginViewController.swift */ = {isa = PBXFileReference; fileEncoding = 4; lastKnownFileType = sourcecode.swift; path = LoginViewController.swift; sourceTree = "<group>"; };
/* End PBXFileReference section */

/* Begin PBXFrameworksBuildPhase section */
		42930D22279C44FB001F7911 /* Frameworks */ = {
			isa = PBXFrameworksBuildPhase;
			buildActionMask = 2147483647;
			files = (
				693366D273E8230C7AB9A584 /* Pods_APPtest.framework in Frameworks */,
			);
			runOnlyForDeploymentPostprocessing = 0;
		};
		42930D38279C44FD001F7911 /* Frameworks */ = {
			isa = PBXFrameworksBuildPhase;
			buildActionMask = 2147483647;
			files = (
			);
			runOnlyForDeploymentPostprocessing = 0;
		};
		42930D42279C44FD001F7911 /* Frameworks */ = {
			isa = PBXFrameworksBuildPhase;
			buildActionMask = 2147483647;
			files = (
			);
			runOnlyForDeploymentPostprocessing = 0;
		};
/* End PBXFrameworksBuildPhase section */

/* Begin PBXGroup section */
		422F8CEC27C021140018A8DA /* Products */ = {
			isa = PBXGroup;
			children = (
				422F8CF727C021140018A8DA /* Alamofire.framework */,
				422F8CF927C021140018A8DA /* Alamofire iOS Tests.xctest */,
				422F8CFB27C021140018A8DA /* Alamofire.framework */,
				422F8CFD27C021140018A8DA /* Alamofire macOS Tests.xctest */,
				422F8CFF27C021140018A8DA /* Alamofire.framework */,
				422F8D0127C021140018A8DA /* Alamofire tvOS Tests.xctest */,
				422F8D0327C021140018A8DA /* Alamofire.framework */,
				422F8D0527C021140018A8DA /* Alamofire watchOS Tests.xctest */,
			);
			name = Products;
			sourceTree = "<group>";
		};
		42930D1C279C44FB001F7911 = {
			isa = PBXGroup;
			children = (
				422F8CEB27C021140018A8DA /* Alamofire.xcodeproj */,
				42930D27279C44FB001F7911 /* APPtest */,
				42930D26279C44FB001F7911 /* Products */,
				F0617E68C63CB12D88F3326D /* Frameworks */,
				EC2E6B541D65300BA03BA92B /* Pods */,
			);
			sourceTree = "<group>";
		};
		42930D26279C44FB001F7911 /* Products */ = {
			isa = PBXGroup;
			children = (
				42930D25279C44FB001F7911 /* APPtest.app */,
				42930D3B279C44FD001F7911 /* APPtestTests.xctest */,
				42930D45279C44FD001F7911 /* APPtestUITests.xctest */,
			);
			name = Products;
			sourceTree = "<group>";
		};
		42930D27279C44FB001F7911 /* APPtest */ = {
			isa = PBXGroup;
			children = (
				42930D28279C44FB001F7911 /* AppDelegate.swift */,
				42930D31279C44FD001F7911 /* Assets.xcassets */,
				42930D33279C44FD001F7911 /* LaunchScreen.storyboard */,
				42930D36279C44FD001F7911 /* Info.plist */,
				CE6CAE7327BF80FB00E42547 /* Authorization */,
				CE6CAE6C27BF80FB00E42547 /* MainScreenFiles */,
			);
			path = APPtest;
			sourceTree = "<group>";
		};
		CE6CAE6C27BF80FB00E42547 /* MainScreenFiles */ = {
			isa = PBXGroup;
			children = (
				CE6CAE6D27BF80FB00E42547 /* CellsTwo */,
				CE6CAE7027BF80FB00E42547 /* MapViewController.swift */,
				CE6CAE7127BF80FB00E42547 /* MainViewController.swift */,
				CE6CAE7227BF80FB00E42547 /* DescriptionViewController.swift */,
				42D409D527BFF39000E27419 /* MainAnimalVC.swift */,
				42D409D627BFF39000E27419 /* MainAnimalVC.xib */,
				42D409D927C0030F00E27419 /* DataApi.swift */,
			);
			path = MainScreenFiles;
			sourceTree = "<group>";
		};
		CE6CAE6D27BF80FB00E42547 /* CellsTwo */ = {
			isa = PBXGroup;
			children = (
				CE6CAE6E27BF80FB00E42547 /* TableViewCellOne.xib */,
				CE6CAE6F27BF80FB00E42547 /* TableViewCellOne.swift */,
			);
			path = CellsTwo;
			sourceTree = "<group>";
		};
		CE6CAE7327BF80FB00E42547 /* Authorization */ = {
			isa = PBXGroup;
			children = (
				CE6CAE7427BF80FB00E42547 /* ViewModel */,
				CE6CAE7A27BF80FB00E42547 /* Model */,
				CE6CAE7E27BF80FB00E42547 /* View */,
			);
			path = Authorization;
			sourceTree = "<group>";
		};
		CE6CAE7427BF80FB00E42547 /* ViewModel */ = {
			isa = PBXGroup;
			children = (
				CE6CAE7527BF80FB00E42547 /* LoginViewModel.swift */,
				CE6CAE7627BF80FB00E42547 /* Helpers */,
			);
			path = ViewModel;
			sourceTree = "<group>";
		};
		CE6CAE7627BF80FB00E42547 /* Helpers */ = {
			isa = PBXGroup;
			children = (
				CE6CAE7727BF80FB00E42547 /* PasswordHelper.swift */,
				CE6CAE7827BF80FB00E42547 /* LoginHelper.swift */,
				CE6CAE7927BF80FB00E42547 /* EmailHelper.swift */,
			);
			path = Helpers;
			sourceTree = "<group>";
		};
		CE6CAE7A27BF80FB00E42547 /* Model */ = {
			isa = PBXGroup;
			children = (
				CE6CAE7B27BF80FB00E42547 /* TextData.swift */,
				CE6CAE7C27BF80FB00E42547 /* LoginManager.swift */,
				CE6CAE7D27BF80FB00E42547 /* Enum.swift */,
			);
			path = Model;
			sourceTree = "<group>";
		};
		CE6CAE7E27BF80FB00E42547 /* View */ = {
			isa = PBXGroup;
			children = (
				CE6CAE7F27BF80FB00E42547 /* AuthTableHeader.swift */,
				CE6CAE8127BF80FB00E42547 /* AuthTableFooter.swift */,
				CE6CAE8227BF80FB00E42547 /* DataSourceSignin.swift */,
				CE6CAE8027BF80FB00E42547 /* DataSourceRegistration.swift */,
				CE6CAE8327BF80FB00E42547 /* TableViewInputCell.swift */,
				CE6CAE8427BF80FB00E42547 /* LoginViewController.swift */,
			);
			path = View;
			sourceTree = "<group>";
		};
		EC2E6B541D65300BA03BA92B /* Pods */ = {
			isa = PBXGroup;
			children = (
				2192C3FD06F55495D4BE20AF /* Pods-APPtest.debug.xcconfig */,
				87C2A98903200F1504E3FE7A /* Pods-APPtest.release.xcconfig */,
			);
			path = Pods;
			sourceTree = "<group>";
		};
		F0617E68C63CB12D88F3326D /* Frameworks */ = {
			isa = PBXGroup;
			children = (
				2B19FB20F861136BF18AD741 /* Pods_APPtest.framework */,
			);
			name = Frameworks;
			sourceTree = "<group>";
		};
/* End PBXGroup section */

/* Begin PBXNativeTarget section */
		42930D24279C44FB001F7911 /* APPtest */ = {
			isa = PBXNativeTarget;
			buildConfigurationList = 42930D4F279C44FD001F7911 /* Build configuration list for PBXNativeTarget "APPtest" */;
			buildPhases = (
				6D5D2068836E5EC76B4BB0CC /* [CP] Check Pods Manifest.lock */,
				42930D21279C44FB001F7911 /* Sources */,
				42930D22279C44FB001F7911 /* Frameworks */,
				42930D23279C44FB001F7911 /* Resources */,
				11D47EAAF50C4155F6F877F0 /* [CP] Embed Pods Frameworks */,
			);
			buildRules = (
			);
			dependencies = (
			);
			name = APPtest;
			productName = APPtest;
			productReference = 42930D25279C44FB001F7911 /* APPtest.app */;
			productType = "com.apple.product-type.application";
		};
		42930D3A279C44FD001F7911 /* APPtestTests */ = {
			isa = PBXNativeTarget;
			buildConfigurationList = 42930D52279C44FD001F7911 /* Build configuration list for PBXNativeTarget "APPtestTests" */;
			buildPhases = (
				42930D37279C44FD001F7911 /* Sources */,
				42930D38279C44FD001F7911 /* Frameworks */,
				42930D39279C44FD001F7911 /* Resources */,
			);
			buildRules = (
			);
			dependencies = (
				42930D3D279C44FD001F7911 /* PBXTargetDependency */,
			);
			name = APPtestTests;
			productName = APPtestTests;
			productReference = 42930D3B279C44FD001F7911 /* APPtestTests.xctest */;
			productType = "com.apple.product-type.bundle.unit-test";
		};
		42930D44279C44FD001F7911 /* APPtestUITests */ = {
			isa = PBXNativeTarget;
			buildConfigurationList = 42930D55279C44FD001F7911 /* Build configuration list for PBXNativeTarget "APPtestUITests" */;
			buildPhases = (
				42930D41279C44FD001F7911 /* Sources */,
				42930D42279C44FD001F7911 /* Frameworks */,
				42930D43279C44FD001F7911 /* Resources */,
			);
			buildRules = (
			);
			dependencies = (
				42930D47279C44FD001F7911 /* PBXTargetDependency */,
			);
			name = APPtestUITests;
			productName = APPtestUITests;
			productReference = 42930D45279C44FD001F7911 /* APPtestUITests.xctest */;
			productType = "com.apple.product-type.bundle.ui-testing";
		};
/* End PBXNativeTarget section */

/* Begin PBXProject section */
		42930D1D279C44FB001F7911 /* Project object */ = {
			isa = PBXProject;
			attributes = {
				BuildIndependentTargetsInParallel = 1;
				LastSwiftUpdateCheck = 1320;
				LastUpgradeCheck = 1320;
				TargetAttributes = {
					42930D24279C44FB001F7911 = {
						CreatedOnToolsVersion = 13.2.1;
					};
					42930D3A279C44FD001F7911 = {
						CreatedOnToolsVersion = 13.2.1;
						TestTargetID = 42930D24279C44FB001F7911;
					};
					42930D44279C44FD001F7911 = {
						CreatedOnToolsVersion = 13.2.1;
						TestTargetID = 42930D24279C44FB001F7911;
					};
				};
			};
			buildConfigurationList = 42930D20279C44FB001F7911 /* Build configuration list for PBXProject "APPtest" */;
			compatibilityVersion = "Xcode 13.0";
			developmentRegion = en;
			hasScannedForEncodings = 0;
			knownRegions = (
				en,
				Base,
			);
			mainGroup = 42930D1C279C44FB001F7911;
			productRefGroup = 42930D26279C44FB001F7911 /* Products */;
			projectDirPath = "";
			projectReferences = (
				{
					ProductGroup = 422F8CEC27C021140018A8DA /* Products */;
					ProjectRef = 422F8CEB27C021140018A8DA /* Alamofire.xcodeproj */;
				},
			);
			projectRoot = "";
			targets = (
				42930D24279C44FB001F7911 /* APPtest */,
				42930D3A279C44FD001F7911 /* APPtestTests */,
				42930D44279C44FD001F7911 /* APPtestUITests */,
			);
		};
/* End PBXProject section */

/* Begin PBXReferenceProxy section */
		422F8CF727C021140018A8DA /* Alamofire.framework */ = {
			isa = PBXReferenceProxy;
			fileType = wrapper.framework;
			path = Alamofire.framework;
			remoteRef = 422F8CF627C021140018A8DA /* PBXContainerItemProxy */;
			sourceTree = BUILT_PRODUCTS_DIR;
		};
		422F8CF927C021140018A8DA /* Alamofire iOS Tests.xctest */ = {
			isa = PBXReferenceProxy;
			fileType = wrapper.cfbundle;
			path = "Alamofire iOS Tests.xctest";
			remoteRef = 422F8CF827C021140018A8DA /* PBXContainerItemProxy */;
			sourceTree = BUILT_PRODUCTS_DIR;
		};
		422F8CFB27C021140018A8DA /* Alamofire.framework */ = {
			isa = PBXReferenceProxy;
			fileType = wrapper.framework;
			path = Alamofire.framework;
			remoteRef = 422F8CFA27C021140018A8DA /* PBXContainerItemProxy */;
			sourceTree = BUILT_PRODUCTS_DIR;
		};
		422F8CFD27C021140018A8DA /* Alamofire macOS Tests.xctest */ = {
			isa = PBXReferenceProxy;
			fileType = wrapper.cfbundle;
			path = "Alamofire macOS Tests.xctest";
			remoteRef = 422F8CFC27C021140018A8DA /* PBXContainerItemProxy */;
			sourceTree = BUILT_PRODUCTS_DIR;
		};
		422F8CFF27C021140018A8DA /* Alamofire.framework */ = {
			isa = PBXReferenceProxy;
			fileType = wrapper.framework;
			path = Alamofire.framework;
			remoteRef = 422F8CFE27C021140018A8DA /* PBXContainerItemProxy */;
			sourceTree = BUILT_PRODUCTS_DIR;
		};
		422F8D0127C021140018A8DA /* Alamofire tvOS Tests.xctest */ = {
			isa = PBXReferenceProxy;
			fileType = wrapper.cfbundle;
			path = "Alamofire tvOS Tests.xctest";
			remoteRef = 422F8D0027C021140018A8DA /* PBXContainerItemProxy */;
			sourceTree = BUILT_PRODUCTS_DIR;
		};
		422F8D0327C021140018A8DA /* Alamofire.framework */ = {
			isa = PBXReferenceProxy;
			fileType = wrapper.framework;
			path = Alamofire.framework;
			remoteRef = 422F8D0227C021140018A8DA /* PBXContainerItemProxy */;
			sourceTree = BUILT_PRODUCTS_DIR;
		};
		422F8D0527C021140018A8DA /* Alamofire watchOS Tests.xctest */ = {
			isa = PBXReferenceProxy;
			fileType = wrapper.cfbundle;
			path = "Alamofire watchOS Tests.xctest";
			remoteRef = 422F8D0427C021140018A8DA /* PBXContainerItemProxy */;
			sourceTree = BUILT_PRODUCTS_DIR;
		};
/* End PBXReferenceProxy section */

/* Begin PBXResourcesBuildPhase section */
		42930D23279C44FB001F7911 /* Resources */ = {
			isa = PBXResourcesBuildPhase;
			buildActionMask = 2147483647;
			files = (
				CE6CAE8527BF80FB00E42547 /* TableViewCellOne.xib in Resources */,
				42D409D827BFF39000E27419 /* MainAnimalVC.xib in Resources */,
				42930D35279C44FD001F7911 /* LaunchScreen.storyboard in Resources */,
				42930D32279C44FD001F7911 /* Assets.xcassets in Resources */,
			);
			runOnlyForDeploymentPostprocessing = 0;
		};
		42930D39279C44FD001F7911 /* Resources */ = {
			isa = PBXResourcesBuildPhase;
			buildActionMask = 2147483647;
			files = (
			);
			runOnlyForDeploymentPostprocessing = 0;
		};
		42930D43279C44FD001F7911 /* Resources */ = {
			isa = PBXResourcesBuildPhase;
			buildActionMask = 2147483647;
			files = (
			);
			runOnlyForDeploymentPostprocessing = 0;
		};
/* End PBXResourcesBuildPhase section */

/* Begin PBXShellScriptBuildPhase section */
		11D47EAAF50C4155F6F877F0 /* [CP] Embed Pods Frameworks */ = {
			isa = PBXShellScriptBuildPhase;
			buildActionMask = 2147483647;
			files = (
			);
			inputFileListPaths = (
				"${PODS_ROOT}/Target Support Files/Pods-APPtest/Pods-APPtest-frameworks-${CONFIGURATION}-input-files.xcfilelist",
			);
			name = "[CP] Embed Pods Frameworks";
			outputFileListPaths = (
				"${PODS_ROOT}/Target Support Files/Pods-APPtest/Pods-APPtest-frameworks-${CONFIGURATION}-output-files.xcfilelist",
			);
			runOnlyForDeploymentPostprocessing = 0;
			shellPath = /bin/sh;
			shellScript = "\"${PODS_ROOT}/Target Support Files/Pods-APPtest/Pods-APPtest-frameworks.sh\"\n";
			showEnvVarsInLog = 0;
		};
		6D5D2068836E5EC76B4BB0CC /* [CP] Check Pods Manifest.lock */ = {
			isa = PBXShellScriptBuildPhase;
			buildActionMask = 2147483647;
			files = (
			);
			inputFileListPaths = (
			);
			inputPaths = (
				"${PODS_PODFILE_DIR_PATH}/Podfile.lock",
				"${PODS_ROOT}/Manifest.lock",
			);
			name = "[CP] Check Pods Manifest.lock";
			outputFileListPaths = (
			);
			outputPaths = (
				"$(DERIVED_FILE_DIR)/Pods-APPtest-checkManifestLockResult.txt",
			);
			runOnlyForDeploymentPostprocessing = 0;
			shellPath = /bin/sh;
			shellScript = "diff \"${PODS_PODFILE_DIR_PATH}/Podfile.lock\" \"${PODS_ROOT}/Manifest.lock\" > /dev/null\nif [ $? != 0 ] ; then\n    # print error to STDERR\n    echo \"error: The sandbox is not in sync with the Podfile.lock. Run 'pod install' or update your CocoaPods installation.\" >&2\n    exit 1\nfi\n# This output is used by Xcode 'outputs' to avoid re-running this script phase.\necho \"SUCCESS\" > \"${SCRIPT_OUTPUT_FILE_0}\"\n";
			showEnvVarsInLog = 0;
		};
/* End PBXShellScriptBuildPhase section */

/* Begin PBXSourcesBuildPhase section */
		42930D21279C44FB001F7911 /* Sources */ = {
			isa = PBXSourcesBuildPhase;
			buildActionMask = 2147483647;
			files = (
				42D409DA27C0030F00E27419 /* DataApi.swift in Sources */,
				CE6CAE9627BF80FB00E42547 /* LoginViewController.swift in Sources */,
				CE6CAE8E27BF80FB00E42547 /* TextData.swift in Sources */,
				CE6CAE8627BF80FB00E42547 /* TableViewCellOne.swift in Sources */,
				CE6CAE9027BF80FB00E42547 /* Enum.swift in Sources */,
				CE6CAE9527BF80FB00E42547 /* TableViewInputCell.swift in Sources */,
				CE6CAE8B27BF80FB00E42547 /* PasswordHelper.swift in Sources */,
				CE6CAE9427BF80FB00E42547 /* DataSourceSignin.swift in Sources */,
				CE6CAE8727BF80FB00E42547 /* MapViewController.swift in Sources */,
				CE6CAE9327BF80FB00E42547 /* AuthTableFooter.swift in Sources */,
				CE6CAE9227BF80FB00E42547 /* DataSourceRegistration.swift in Sources */,
				CE6CAE8A27BF80FB00E42547 /* LoginViewModel.swift in Sources */,
				CE6CAE9127BF80FB00E42547 /* AuthTableHeader.swift in Sources */,
				42930D29279C44FB001F7911 /* AppDelegate.swift in Sources */,
				CE6CAE8D27BF80FB00E42547 /* EmailHelper.swift in Sources */,
				42D409D727BFF39000E27419 /* MainAnimalVC.swift in Sources */,
				CE6CAE8F27BF80FB00E42547 /* LoginManager.swift in Sources */,
				CE6CAE8C27BF80FB00E42547 /* LoginHelper.swift in Sources */,
				CE6CAE8927BF80FB00E42547 /* DescriptionViewController.swift in Sources */,
				CE6CAE8827BF80FB00E42547 /* MainViewController.swift in Sources */,
			);
			runOnlyForDeploymentPostprocessing = 0;
		};
		42930D37279C44FD001F7911 /* Sources */ = {
			isa = PBXSourcesBuildPhase;
			buildActionMask = 2147483647;
			files = (
			);
			runOnlyForDeploymentPostprocessing = 0;
		};
		42930D41279C44FD001F7911 /* Sources */ = {
			isa = PBXSourcesBuildPhase;
			buildActionMask = 2147483647;
			files = (
			);
			runOnlyForDeploymentPostprocessing = 0;
		};
/* End PBXSourcesBuildPhase section */

/* Begin PBXTargetDependency section */
		42930D3D279C44FD001F7911 /* PBXTargetDependency */ = {
			isa = PBXTargetDependency;
			target = 42930D24279C44FB001F7911 /* APPtest */;
			targetProxy = 42930D3C279C44FD001F7911 /* PBXContainerItemProxy */;
		};
		42930D47279C44FD001F7911 /* PBXTargetDependency */ = {
			isa = PBXTargetDependency;
			target = 42930D24279C44FB001F7911 /* APPtest */;
			targetProxy = 42930D46279C44FD001F7911 /* PBXContainerItemProxy */;
		};
/* End PBXTargetDependency section */

/* Begin PBXVariantGroup section */
		42930D33279C44FD001F7911 /* LaunchScreen.storyboard */ = {
			isa = PBXVariantGroup;
			children = (
				42930D34279C44FD001F7911 /* Base */,
			);
			name = LaunchScreen.storyboard;
			sourceTree = "<group>";
		};
/* End PBXVariantGroup section */

/* Begin XCBuildConfiguration section */
		42930D4D279C44FD001F7911 /* Debug */ = {
			isa = XCBuildConfiguration;
			buildSettings = {
				ALWAYS_SEARCH_USER_PATHS = NO;
				CLANG_ANALYZER_NONNULL = YES;
				CLANG_ANALYZER_NUMBER_OBJECT_CONVERSION = YES_AGGRESSIVE;
				CLANG_CXX_LANGUAGE_STANDARD = "gnu++17";
				CLANG_CXX_LIBRARY = "libc++";
				CLANG_ENABLE_MODULES = YES;
				CLANG_ENABLE_OBJC_ARC = YES;
				CLANG_ENABLE_OBJC_WEAK = YES;
				CLANG_WARN_BLOCK_CAPTURE_AUTORELEASING = YES;
				CLANG_WARN_BOOL_CONVERSION = YES;
				CLANG_WARN_COMMA = YES;
				CLANG_WARN_CONSTANT_CONVERSION = YES;
				CLANG_WARN_DEPRECATED_OBJC_IMPLEMENTATIONS = YES;
				CLANG_WARN_DIRECT_OBJC_ISA_USAGE = YES_ERROR;
				CLANG_WARN_DOCUMENTATION_COMMENTS = YES;
				CLANG_WARN_EMPTY_BODY = YES;
				CLANG_WARN_ENUM_CONVERSION = YES;
				CLANG_WARN_INFINITE_RECURSION = YES;
				CLANG_WARN_INT_CONVERSION = YES;
				CLANG_WARN_NON_LITERAL_NULL_CONVERSION = YES;
				CLANG_WARN_OBJC_IMPLICIT_RETAIN_SELF = YES;
				CLANG_WARN_OBJC_LITERAL_CONVERSION = YES;
				CLANG_WARN_OBJC_ROOT_CLASS = YES_ERROR;
				CLANG_WARN_QUOTED_INCLUDE_IN_FRAMEWORK_HEADER = YES;
				CLANG_WARN_RANGE_LOOP_ANALYSIS = YES;
				CLANG_WARN_STRICT_PROTOTYPES = YES;
				CLANG_WARN_SUSPICIOUS_MOVE = YES;
				CLANG_WARN_UNGUARDED_AVAILABILITY = YES_AGGRESSIVE;
				CLANG_WARN_UNREACHABLE_CODE = YES;
				CLANG_WARN__DUPLICATE_METHOD_MATCH = YES;
				COPY_PHASE_STRIP = NO;
				DEBUG_INFORMATION_FORMAT = dwarf;
				ENABLE_STRICT_OBJC_MSGSEND = YES;
				ENABLE_TESTABILITY = YES;
				GCC_C_LANGUAGE_STANDARD = gnu11;
				GCC_DYNAMIC_NO_PIC = NO;
				GCC_NO_COMMON_BLOCKS = YES;
				GCC_OPTIMIZATION_LEVEL = 0;
				GCC_PREPROCESSOR_DEFINITIONS = (
					"DEBUG=1",
					"$(inherited)",
				);
				GCC_WARN_64_TO_32_BIT_CONVERSION = YES;
				GCC_WARN_ABOUT_RETURN_TYPE = YES_ERROR;
				GCC_WARN_UNDECLARED_SELECTOR = YES;
				GCC_WARN_UNINITIALIZED_AUTOS = YES_AGGRESSIVE;
				GCC_WARN_UNUSED_FUNCTION = YES;
				GCC_WARN_UNUSED_VARIABLE = YES;
				IPHONEOS_DEPLOYMENT_TARGET = 15.2;
				MTL_ENABLE_DEBUG_INFO = INCLUDE_SOURCE;
				MTL_FAST_MATH = YES;
				ONLY_ACTIVE_ARCH = YES;
				SDKROOT = iphoneos;
				SWIFT_ACTIVE_COMPILATION_CONDITIONS = DEBUG;
				SWIFT_OPTIMIZATION_LEVEL = "-Onone";
			};
			name = Debug;
		};
		42930D4E279C44FD001F7911 /* Release */ = {
			isa = XCBuildConfiguration;
			buildSettings = {
				ALWAYS_SEARCH_USER_PATHS = NO;
				CLANG_ANALYZER_NONNULL = YES;
				CLANG_ANALYZER_NUMBER_OBJECT_CONVERSION = YES_AGGRESSIVE;
				CLANG_CXX_LANGUAGE_STANDARD = "gnu++17";
				CLANG_CXX_LIBRARY = "libc++";
				CLANG_ENABLE_MODULES = YES;
				CLANG_ENABLE_OBJC_ARC = YES;
				CLANG_ENABLE_OBJC_WEAK = YES;
				CLANG_WARN_BLOCK_CAPTURE_AUTORELEASING = YES;
				CLANG_WARN_BOOL_CONVERSION = YES;
				CLANG_WARN_COMMA = YES;
				CLANG_WARN_CONSTANT_CONVERSION = YES;
				CLANG_WARN_DEPRECATED_OBJC_IMPLEMENTATIONS = YES;
				CLANG_WARN_DIRECT_OBJC_ISA_USAGE = YES_ERROR;
				CLANG_WARN_DOCUMENTATION_COMMENTS = YES;
				CLANG_WARN_EMPTY_BODY = YES;
				CLANG_WARN_ENUM_CONVERSION = YES;
				CLANG_WARN_INFINITE_RECURSION = YES;
				CLANG_WARN_INT_CONVERSION = YES;
				CLANG_WARN_NON_LITERAL_NULL_CONVERSION = YES;
				CLANG_WARN_OBJC_IMPLICIT_RETAIN_SELF = YES;
				CLANG_WARN_OBJC_LITERAL_CONVERSION = YES;
				CLANG_WARN_OBJC_ROOT_CLASS = YES_ERROR;
				CLANG_WARN_QUOTED_INCLUDE_IN_FRAMEWORK_HEADER = YES;
				CLANG_WARN_RANGE_LOOP_ANALYSIS = YES;
				CLANG_WARN_STRICT_PROTOTYPES = YES;
				CLANG_WARN_SUSPICIOUS_MOVE = YES;
				CLANG_WARN_UNGUARDED_AVAILABILITY = YES_AGGRESSIVE;
				CLANG_WARN_UNREACHABLE_CODE = YES;
				CLANG_WARN__DUPLICATE_METHOD_MATCH = YES;
				COPY_PHASE_STRIP = NO;
				DEBUG_INFORMATION_FORMAT = "dwarf-with-dsym";
				ENABLE_NS_ASSERTIONS = NO;
				ENABLE_STRICT_OBJC_MSGSEND = YES;
				GCC_C_LANGUAGE_STANDARD = gnu11;
				GCC_NO_COMMON_BLOCKS = YES;
				GCC_WARN_64_TO_32_BIT_CONVERSION = YES;
				GCC_WARN_ABOUT_RETURN_TYPE = YES_ERROR;
				GCC_WARN_UNDECLARED_SELECTOR = YES;
				GCC_WARN_UNINITIALIZED_AUTOS = YES_AGGRESSIVE;
				GCC_WARN_UNUSED_FUNCTION = YES;
				GCC_WARN_UNUSED_VARIABLE = YES;
				IPHONEOS_DEPLOYMENT_TARGET = 15.2;
				MTL_ENABLE_DEBUG_INFO = NO;
				MTL_FAST_MATH = YES;
				SDKROOT = iphoneos;
				SWIFT_COMPILATION_MODE = wholemodule;
				SWIFT_OPTIMIZATION_LEVEL = "-O";
				VALIDATE_PRODUCT = YES;
			};
			name = Release;
		};
		42930D50279C44FD001F7911 /* Debug */ = {
			isa = XCBuildConfiguration;
			baseConfigurationReference = 2192C3FD06F55495D4BE20AF /* Pods-APPtest.debug.xcconfig */;
			buildSettings = {
				ASSETCATALOG_COMPILER_APPICON_NAME = AppIcon;
				ASSETCATALOG_COMPILER_GLOBAL_ACCENT_COLOR_NAME = AccentColor;
				CODE_SIGN_STYLE = Automatic;
				CURRENT_PROJECT_VERSION = 1;
				GENERATE_INFOPLIST_FILE = YES;
				INFOPLIST_FILE = APPtest/Info.plist;
				INFOPLIST_KEY_UIApplicationSupportsIndirectInputEvents = YES;
				INFOPLIST_KEY_UILaunchStoryboardName = LaunchScreen;
				INFOPLIST_KEY_UISupportedInterfaceOrientations_iPad = "UIInterfaceOrientationPortrait UIInterfaceOrientationPortraitUpsideDown UIInterfaceOrientationLandscapeLeft UIInterfaceOrientationLandscapeRight";
				INFOPLIST_KEY_UISupportedInterfaceOrientations_iPhone = "UIInterfaceOrientationPortrait UIInterfaceOrientationLandscapeLeft UIInterfaceOrientationLandscapeRight";
				IPHONEOS_DEPLOYMENT_TARGET = 14.0;
				LD_RUNPATH_SEARCH_PATHS = (
					"$(inherited)",
					"@executable_path/Frameworks",
				);
				MARKETING_VERSION = 1.0;
				PRODUCT_BUNDLE_IDENTIFIER = test.APPtest;
				PRODUCT_NAME = "$(TARGET_NAME)";
				SWIFT_EMIT_LOC_STRINGS = YES;
				SWIFT_VERSION = 5.0;
				TARGETED_DEVICE_FAMILY = "1,2";
			};
			name = Debug;
		};
		42930D51279C44FD001F7911 /* Release */ = {
			isa = XCBuildConfiguration;
			baseConfigurationReference = 87C2A98903200F1504E3FE7A /* Pods-APPtest.release.xcconfig */;
			buildSettings = {
				ASSETCATALOG_COMPILER_APPICON_NAME = AppIcon;
				ASSETCATALOG_COMPILER_GLOBAL_ACCENT_COLOR_NAME = AccentColor;
				CODE_SIGN_STYLE = Automatic;
				CURRENT_PROJECT_VERSION = 1;
				GENERATE_INFOPLIST_FILE = YES;
				INFOPLIST_FILE = APPtest/Info.plist;
				INFOPLIST_KEY_UIApplicationSupportsIndirectInputEvents = YES;
				INFOPLIST_KEY_UILaunchStoryboardName = LaunchScreen;
				INFOPLIST_KEY_UISupportedInterfaceOrientations_iPad = "UIInterfaceOrientationPortrait UIInterfaceOrientationPortraitUpsideDown UIInterfaceOrientationLandscapeLeft UIInterfaceOrientationLandscapeRight";
				INFOPLIST_KEY_UISupportedInterfaceOrientations_iPhone = "UIInterfaceOrientationPortrait UIInterfaceOrientationLandscapeLeft UIInterfaceOrientationLandscapeRight";
				IPHONEOS_DEPLOYMENT_TARGET = 14.0;
				LD_RUNPATH_SEARCH_PATHS = (
					"$(inherited)",
					"@executable_path/Frameworks",
				);
				MARKETING_VERSION = 1.0;
				PRODUCT_BUNDLE_IDENTIFIER = test.APPtest;
				PRODUCT_NAME = "$(TARGET_NAME)";
				SWIFT_EMIT_LOC_STRINGS = YES;
				SWIFT_VERSION = 5.0;
				TARGETED_DEVICE_FAMILY = "1,2";
			};
			name = Release;
		};
		42930D53279C44FD001F7911 /* Debug */ = {
			isa = XCBuildConfiguration;
			buildSettings = {
				ALWAYS_EMBED_SWIFT_STANDARD_LIBRARIES = YES;
				BUNDLE_LOADER = "$(TEST_HOST)";
				CODE_SIGN_STYLE = Automatic;
				CURRENT_PROJECT_VERSION = 1;
				GENERATE_INFOPLIST_FILE = YES;
				IPHONEOS_DEPLOYMENT_TARGET = 15.2;
				MARKETING_VERSION = 1.0;
				PRODUCT_BUNDLE_IDENTIFIER = test.APPtestTests;
				PRODUCT_NAME = "$(TARGET_NAME)";
				SWIFT_EMIT_LOC_STRINGS = NO;
				SWIFT_VERSION = 5.0;
				TARGETED_DEVICE_FAMILY = "1,2";
				TEST_HOST = "$(BUILT_PRODUCTS_DIR)/APPtest.app/APPtest";
			};
			name = Debug;
		};
		42930D54279C44FD001F7911 /* Release */ = {
			isa = XCBuildConfiguration;
			buildSettings = {
				ALWAYS_EMBED_SWIFT_STANDARD_LIBRARIES = YES;
				BUNDLE_LOADER = "$(TEST_HOST)";
				CODE_SIGN_STYLE = Automatic;
				CURRENT_PROJECT_VERSION = 1;
				GENERATE_INFOPLIST_FILE = YES;
				IPHONEOS_DEPLOYMENT_TARGET = 15.2;
				MARKETING_VERSION = 1.0;
				PRODUCT_BUNDLE_IDENTIFIER = test.APPtestTests;
				PRODUCT_NAME = "$(TARGET_NAME)";
				SWIFT_EMIT_LOC_STRINGS = NO;
				SWIFT_VERSION = 5.0;
				TARGETED_DEVICE_FAMILY = "1,2";
				TEST_HOST = "$(BUILT_PRODUCTS_DIR)/APPtest.app/APPtest";
			};
			name = Release;
		};
		42930D56279C44FD001F7911 /* Debug */ = {
			isa = XCBuildConfiguration;
			buildSettings = {
				ALWAYS_EMBED_SWIFT_STANDARD_LIBRARIES = YES;
				CODE_SIGN_STYLE = Automatic;
				CURRENT_PROJECT_VERSION = 1;
				GENERATE_INFOPLIST_FILE = YES;
				MARKETING_VERSION = 1.0;
				PRODUCT_BUNDLE_IDENTIFIER = test.APPtestUITests;
				PRODUCT_NAME = "$(TARGET_NAME)";
				SWIFT_EMIT_LOC_STRINGS = NO;
				SWIFT_VERSION = 5.0;
				TARGETED_DEVICE_FAMILY = "1,2";
				TEST_TARGET_NAME = APPtest;
			};
			name = Debug;
		};
		42930D57279C44FD001F7911 /* Release */ = {
			isa = XCBuildConfiguration;
			buildSettings = {
				ALWAYS_EMBED_SWIFT_STANDARD_LIBRARIES = YES;
				CODE_SIGN_STYLE = Automatic;
				CURRENT_PROJECT_VERSION = 1;
				GENERATE_INFOPLIST_FILE = YES;
				MARKETING_VERSION = 1.0;
				PRODUCT_BUNDLE_IDENTIFIER = test.APPtestUITests;
				PRODUCT_NAME = "$(TARGET_NAME)";
				SWIFT_EMIT_LOC_STRINGS = NO;
				SWIFT_VERSION = 5.0;
				TARGETED_DEVICE_FAMILY = "1,2";
				TEST_TARGET_NAME = APPtest;
			};
			name = Release;
		};
/* End XCBuildConfiguration section */

/* Begin XCConfigurationList section */
		42930D20279C44FB001F7911 /* Build configuration list for PBXProject "APPtest" */ = {
			isa = XCConfigurationList;
			buildConfigurations = (
				42930D4D279C44FD001F7911 /* Debug */,
				42930D4E279C44FD001F7911 /* Release */,
			);
			defaultConfigurationIsVisible = 0;
			defaultConfigurationName = Release;
		};
		42930D4F279C44FD001F7911 /* Build configuration list for PBXNativeTarget "APPtest" */ = {
			isa = XCConfigurationList;
			buildConfigurations = (
				42930D50279C44FD001F7911 /* Debug */,
				42930D51279C44FD001F7911 /* Release */,
			);
			defaultConfigurationIsVisible = 0;
			defaultConfigurationName = Release;
		};
		42930D52279C44FD001F7911 /* Build configuration list for PBXNativeTarget "APPtestTests" */ = {
			isa = XCConfigurationList;
			buildConfigurations = (
				42930D53279C44FD001F7911 /* Debug */,
				42930D54279C44FD001F7911 /* Release */,
			);
			defaultConfigurationIsVisible = 0;
			defaultConfigurationName = Release;
		};
		42930D55279C44FD001F7911 /* Build configuration list for PBXNativeTarget "APPtestUITests" */ = {
			isa = XCConfigurationList;
			buildConfigurations = (
				42930D56279C44FD001F7911 /* Debug */,
				42930D57279C44FD001F7911 /* Release */,
			);
			defaultConfigurationIsVisible = 0;
			defaultConfigurationName = Release;
		};
/* End XCConfigurationList section */
	};
	rootObject = 42930D1D279C44FB001F7911 /* Project object */;
}
